// !$*UTF8*$!
{
	archiveVersion = 1;
	classes = {
	};
	objectVersion = 46;
	objects = {

/* Begin PBXBuildFile section */
		4A2BE3BD1E8981DA003FE64B /* AppDelegate.swift in Sources */ = {isa = PBXBuildFile; fileRef = 4A2BE3BC1E8981DA003FE64B /* AppDelegate.swift */; };
		4A2BE3BF1E8981DA003FE64B /* ViewController.swift in Sources */ = {isa = PBXBuildFile; fileRef = 4A2BE3BE1E8981DA003FE64B /* ViewController.swift */; };
		4A2BE3C21E8981DA003FE64B /* Main.storyboard in Resources */ = {isa = PBXBuildFile; fileRef = 4A2BE3C01E8981DA003FE64B /* Main.storyboard */; };
		4A2BE3C51E8981DA003FE64B /* PortalMisterio.xcdatamodeld in Sources */ = {isa = PBXBuildFile; fileRef = 4A2BE3C31E8981DA003FE64B /* PortalMisterio.xcdatamodeld */; };
		4A2BE3C71E8981DA003FE64B /* Assets.xcassets in Resources */ = {isa = PBXBuildFile; fileRef = 4A2BE3C61E8981DA003FE64B /* Assets.xcassets */; };
		4A2BE3CA1E8981DA003FE64B /* LaunchScreen.storyboard in Resources */ = {isa = PBXBuildFile; fileRef = 4A2BE3C81E8981DA003FE64B /* LaunchScreen.storyboard */; };
		4A2BE3D51E898235003FE64B /* About.png in Resources */ = {isa = PBXBuildFile; fileRef = 4A2BE3D11E898235003FE64B /* About.png */; };
		4A2BE3D61E898235003FE64B /* PM_icon.jpg in Resources */ = {isa = PBXBuildFile; fileRef = 4A2BE3D21E898235003FE64B /* PM_icon.jpg */; };
		4A2BE3D71E898235003FE64B /* portalblanco.png in Resources */ = {isa = PBXBuildFile; fileRef = 4A2BE3D31E898235003FE64B /* portalblanco.png */; };
		4A2BE3D81E898235003FE64B /* portalnegro.png in Resources */ = {isa = PBXBuildFile; fileRef = 4A2BE3D41E898235003FE64B /* portalnegro.png */; };
		4A34C6821E93C151007C4B6D /* Board.png in Resources */ = {isa = PBXBuildFile; fileRef = 4A34C67F1E93C151007C4B6D /* Board.png */; };
		4A34C6831E93C151007C4B6D /* Cross.png in Resources */ = {isa = PBXBuildFile; fileRef = 4A34C6801E93C151007C4B6D /* Cross.png */; };
		4A34C6841E93C151007C4B6D /* Nought.png in Resources */ = {isa = PBXBuildFile; fileRef = 4A34C6811E93C151007C4B6D /* Nought.png */; };
		4A34C6861E93C2EC007C4B6D /* ticTacToeViewController.swift in Sources */ = {isa = PBXBuildFile; fileRef = 4A34C6851E93C2EC007C4B6D /* ticTacToeViewController.swift */; };
		4A747D981E9FFC3600078A06 /* MBProgressHUD.m in Sources */ = {isa = PBXBuildFile; fileRef = 4A747D971E9FFC3600078A06 /* MBProgressHUD.m */; };
		4AF9D53E1E9286BA004AA0D7 /* menuViewController.swift in Sources */ = {isa = PBXBuildFile; fileRef = 4AF9D53D1E9286BA004AA0D7 /* menuViewController.swift */; };
		4AF9D5401E928863004AA0D7 /* reporteViewController.swift in Sources */ = {isa = PBXBuildFile; fileRef = 4AF9D53F1E928863004AA0D7 /* reporteViewController.swift */; };
		4AF9D5421E92AA5A004AA0D7 /* videoViewController.swift in Sources */ = {isa = PBXBuildFile; fileRef = 4AF9D5411E92AA5A004AA0D7 /* videoViewController.swift */; };
/* End PBXBuildFile section */

/* Begin PBXFileReference section */
		4A2BE3B91E8981DA003FE64B /* PortalMisterio.app */ = {isa = PBXFileReference; explicitFileType = wrapper.application; includeInIndex = 0; path = PortalMisterio.app; sourceTree = BUILT_PRODUCTS_DIR; };
		4A2BE3BC1E8981DA003FE64B /* AppDelegate.swift */ = {isa = PBXFileReference; lastKnownFileType = sourcecode.swift; path = AppDelegate.swift; sourceTree = "<group>"; };
		4A2BE3BE1E8981DA003FE64B /* ViewController.swift */ = {isa = PBXFileReference; lastKnownFileType = sourcecode.swift; path = ViewController.swift; sourceTree = "<group>"; };
		4A2BE3C11E8981DA003FE64B /* Base */ = {isa = PBXFileReference; lastKnownFileType = file.storyboard; name = Base; path = Base.lproj/Main.storyboard; sourceTree = "<group>"; };
		4A2BE3C41E8981DA003FE64B /* PortalMisterio.xcdatamodel */ = {isa = PBXFileReference; lastKnownFileType = wrapper.xcdatamodel; path = PortalMisterio.xcdatamodel; sourceTree = "<group>"; };
		4A2BE3C61E8981DA003FE64B /* Assets.xcassets */ = {isa = PBXFileReference; lastKnownFileType = folder.assetcatalog; path = Assets.xcassets; sourceTree = "<group>"; };
		4A2BE3C91E8981DA003FE64B /* Base */ = {isa = PBXFileReference; lastKnownFileType = file.storyboard; name = Base; path = Base.lproj/LaunchScreen.storyboard; sourceTree = "<group>"; };
		4A2BE3CB1E8981DA003FE64B /* Info.plist */ = {isa = PBXFileReference; lastKnownFileType = text.plist.xml; path = Info.plist; sourceTree = "<group>"; };
		4A2BE3D11E898235003FE64B /* About.png */ = {isa = PBXFileReference; lastKnownFileType = image.png; path = About.png; sourceTree = "<group>"; };
		4A2BE3D21E898235003FE64B /* PM_icon.jpg */ = {isa = PBXFileReference; lastKnownFileType = image.jpeg; path = PM_icon.jpg; sourceTree = "<group>"; };
		4A2BE3D31E898235003FE64B /* portalblanco.png */ = {isa = PBXFileReference; lastKnownFileType = image.png; path = portalblanco.png; sourceTree = "<group>"; };
		4A2BE3D41E898235003FE64B /* portalnegro.png */ = {isa = PBXFileReference; lastKnownFileType = image.png; path = portalnegro.png; sourceTree = "<group>"; };
		4A34C67F1E93C151007C4B6D /* Board.png */ = {isa = PBXFileReference; lastKnownFileType = image.png; path = Board.png; sourceTree = "<group>"; };
		4A34C6801E93C151007C4B6D /* Cross.png */ = {isa = PBXFileReference; lastKnownFileType = image.png; path = Cross.png; sourceTree = "<group>"; };
		4A34C6811E93C151007C4B6D /* Nought.png */ = {isa = PBXFileReference; lastKnownFileType = image.png; path = Nought.png; sourceTree = "<group>"; };
		4A34C6851E93C2EC007C4B6D /* ticTacToeViewController.swift */ = {isa = PBXFileReference; fileEncoding = 4; lastKnownFileType = sourcecode.swift; path = ticTacToeViewController.swift; sourceTree = "<group>"; };
		4A747D951E9FFC3600078A06 /* PortalMisterio-Bridging-Header.h */ = {isa = PBXFileReference; lastKnownFileType = sourcecode.c.h; path = "PortalMisterio-Bridging-Header.h"; sourceTree = "<group>"; };
		4A747D961E9FFC3600078A06 /* MBProgressHUD.h */ = {isa = PBXFileReference; fileEncoding = 4; lastKnownFileType = sourcecode.c.h; path = MBProgressHUD.h; sourceTree = "<group>"; };
		4A747D971E9FFC3600078A06 /* MBProgressHUD.m */ = {isa = PBXFileReference; fileEncoding = 4; lastKnownFileType = sourcecode.c.objc; path = MBProgressHUD.m; sourceTree = "<group>"; };
		4AF9D53D1E9286BA004AA0D7 /* menuViewController.swift */ = {isa = PBXFileReference; fileEncoding = 4; lastKnownFileType = sourcecode.swift; path = menuViewController.swift; sourceTree = "<group>"; };
		4AF9D53F1E928863004AA0D7 /* reporteViewController.swift */ = {isa = PBXFileReference; fileEncoding = 4; lastKnownFileType = sourcecode.swift; path = reporteViewController.swift; sourceTree = "<group>"; };
		4AF9D5411E92AA5A004AA0D7 /* videoViewController.swift */ = {isa = PBXFileReference; fileEncoding = 4; lastKnownFileType = sourcecode.swift; path = videoViewController.swift; sourceTree = "<group>"; };
/* End PBXFileReference section */

/* Begin PBXFrameworksBuildPhase section */
		4A2BE3B61E8981DA003FE64B /* Frameworks */ = {
			isa = PBXFrameworksBuildPhase;
			buildActionMask = 2147483647;
			files = (
			);
			runOnlyForDeploymentPostprocessing = 0;
		};
/* End PBXFrameworksBuildPhase section */

/* Begin PBXGroup section */
		4A2BE3B01E8981DA003FE64B = {
			isa = PBXGroup;
			children = (
				4A2BE3BB1E8981DA003FE64B /* PortalMisterio */,
				4A2BE3BA1E8981DA003FE64B /* Products */,
			);
			sourceTree = "<group>";
		};
		4A2BE3BA1E8981DA003FE64B /* Products */ = {
			isa = PBXGroup;
			children = (
				4A2BE3B91E8981DA003FE64B /* PortalMisterio.app */,
			);
			name = Products;
			sourceTree = "<group>";
		};
		4A2BE3BB1E8981DA003FE64B /* PortalMisterio */ = {
			isa = PBXGroup;
			children = (
				4A2BE3BC1E8981DA003FE64B /* AppDelegate.swift */,
				4A2BE3BE1E8981DA003FE64B /* ViewController.swift */,
				4AF9D53D1E9286BA004AA0D7 /* menuViewController.swift */,
				4AF9D53F1E928863004AA0D7 /* reporteViewController.swift */,
				4AF9D5411E92AA5A004AA0D7 /* videoViewController.swift */,
				4A34C6851E93C2EC007C4B6D /* ticTacToeViewController.swift */,
				4A2BE3C01E8981DA003FE64B /* Main.storyboard */,
				4A2BE3C61E8981DA003FE64B /* Assets.xcassets */,
				4A2BE3C81E8981DA003FE64B /* LaunchScreen.storyboard */,
				4A747D961E9FFC3600078A06 /* MBProgressHUD.h */,
				4A747D971E9FFC3600078A06 /* MBProgressHUD.m */,
				4A747D951E9FFC3600078A06 /* PortalMisterio-Bridging-Header.h */,
				4A2BE3CB1E8981DA003FE64B /* Info.plist */,
				4A2BE3C31E8981DA003FE64B /* PortalMisterio.xcdatamodeld */,
				4A34C67F1E93C151007C4B6D /* Board.png */,
				4A34C6801E93C151007C4B6D /* Cross.png */,
				4A34C6811E93C151007C4B6D /* Nought.png */,
				4A2BE3D11E898235003FE64B /* About.png */,
				4A2BE3D21E898235003FE64B /* PM_icon.jpg */,
				4A2BE3D31E898235003FE64B /* portalblanco.png */,
				4A2BE3D41E898235003FE64B /* portalnegro.png */,
			);
			path = PortalMisterio;
			sourceTree = "<group>";
		};
/* End PBXGroup section */

/* Begin PBXNativeTarget section */
		4A2BE3B81E8981DA003FE64B /* PortalMisterio */ = {
			isa = PBXNativeTarget;
			buildConfigurationList = 4A2BE3CE1E8981DA003FE64B /* Build configuration list for PBXNativeTarget "PortalMisterio" */;
			buildPhases = (
				4A2BE3B51E8981DA003FE64B /* Sources */,
				4A2BE3B61E8981DA003FE64B /* Frameworks */,
				4A2BE3B71E8981DA003FE64B /* Resources */,
			);
			buildRules = (
			);
			dependencies = (
			);
			name = PortalMisterio;
			productName = PortalMisterio;
			productReference = 4A2BE3B91E8981DA003FE64B /* PortalMisterio.app */;
			productType = "com.apple.product-type.application";
		};
/* End PBXNativeTarget section */

/* Begin PBXProject section */
		4A2BE3B11E8981DA003FE64B /* Project object */ = {
			isa = PBXProject;
			attributes = {
				LastSwiftUpdateCheck = 0820;
				LastUpgradeCheck = 0820;
				ORGANIZATIONNAME = "Aldo Contreras";
				TargetAttributes = {
					4A2BE3B81E8981DA003FE64B = {
						CreatedOnToolsVersion = 8.2.1;
						DevelopmentTeam = QSW6ZC2GTH;
						LastSwiftMigration = 0820;
						ProvisioningStyle = Automatic;
					};
				};
			};
			buildConfigurationList = 4A2BE3B41E8981DA003FE64B /* Build configuration list for PBXProject "PortalMisterio" */;
			compatibilityVersion = "Xcode 3.2";
			developmentRegion = English;
			hasScannedForEncodings = 0;
			knownRegions = (
				en,
				Base,
			);
			mainGroup = 4A2BE3B01E8981DA003FE64B;
			productRefGroup = 4A2BE3BA1E8981DA003FE64B /* Products */;
			projectDirPath = "";
			projectRoot = "";
			targets = (
				4A2BE3B81E8981DA003FE64B /* PortalMisterio */,
			);
		};
/* End PBXProject section */

/* Begin PBXResourcesBuildPhase section */
		4A2BE3B71E8981DA003FE64B /* Resources */ = {
			isa = PBXResourcesBuildPhase;
			buildActionMask = 2147483647;
			files = (
				4A34C6841E93C151007C4B6D /* Nought.png in Resources */,
				4A2BE3D71E898235003FE64B /* portalblanco.png in Resources */,
				4A2BE3CA1E8981DA003FE64B /* LaunchScreen.storyboard in Resources */,
				4A2BE3C71E8981DA003FE64B /* Assets.xcassets in Resources */,
				4A2BE3C21E8981DA003FE64B /* Main.storyboard in Resources */,
				4A34C6821E93C151007C4B6D /* Board.png in Resources */,
				4A2BE3D51E898235003FE64B /* About.png in Resources */,
				4A2BE3D81E898235003FE64B /* portalnegro.png in Resources */,
				4A34C6831E93C151007C4B6D /* Cross.png in Resources */,
				4A2BE3D61E898235003FE64B /* PM_icon.jpg in Resources */,
			);
			runOnlyForDeploymentPostprocessing = 0;
		};
/* End PBXResourcesBuildPhase section */

/* Begin PBXSourcesBuildPhase section */
		4A2BE3B51E8981DA003FE64B /* Sources */ = {
			isa = PBXSourcesBuildPhase;
			buildActionMask = 2147483647;
			files = (
				4AF9D5401E928863004AA0D7 /* reporteViewController.swift in Sources */,
				4A2BE3BF1E8981DA003FE64B /* ViewController.swift in Sources */,
				4AF9D53E1E9286BA004AA0D7 /* menuViewController.swift in Sources */,
				4A2BE3BD1E8981DA003FE64B /* AppDelegate.swift in Sources */,
				4AF9D5421E92AA5A004AA0D7 /* videoViewController.swift in Sources */,
				4A34C6861E93C2EC007C4B6D /* ticTacToeViewController.swift in Sources */,
				4A2BE3C51E8981DA003FE64B /* PortalMisterio.xcdatamodeld in Sources */,
				4A747D981E9FFC3600078A06 /* MBProgressHUD.m in Sources */,
			);
			runOnlyForDeploymentPostprocessing = 0;
		};
/* End PBXSourcesBuildPhase section */

/* Begin PBXVariantGroup section */
		4A2BE3C01E8981DA003FE64B /* Main.storyboard */ = {
			isa = PBXVariantGroup;
			children = (
				4A2BE3C11E8981DA003FE64B /* Base */,
			);
			name = Main.storyboard;
			sourceTree = "<group>";
		};
		4A2BE3C81E8981DA003FE64B /* LaunchScreen.storyboard */ = {
			isa = PBXVariantGroup;
			children = (
				4A2BE3C91E8981DA003FE64B /* Base */,
			);
			name = LaunchScreen.storyboard;
			sourceTree = "<group>";
		};
/* End PBXVariantGroup section */

/* Begin XCBuildConfiguration section */
		4A2BE3CC1E8981DA003FE64B /* Debug */ = {
			isa = XCBuildConfiguration;
			buildSettings = {
				ALWAYS_SEARCH_USER_PATHS = NO;
				CLANG_ANALYZER_NONNULL = YES;
				CLANG_CXX_LANGUAGE_STANDARD = "gnu++0x";
				CLANG_CXX_LIBRARY = "libc++";
				CLANG_ENABLE_MODULES = YES;
				CLANG_ENABLE_OBJC_ARC = YES;
				CLANG_WARN_BOOL_CONVERSION = YES;
				CLANG_WARN_CONSTANT_CONVERSION = YES;
				CLANG_WARN_DIRECT_OBJC_ISA_USAGE = YES_ERROR;
				CLANG_WARN_DOCUMENTATION_COMMENTS = YES;
				CLANG_WARN_EMPTY_BODY = YES;
				CLANG_WARN_ENUM_CONVERSION = YES;
				CLANG_WARN_INFINITE_RECURSION = YES;
				CLANG_WARN_INT_CONVERSION = YES;
				CLANG_WARN_OBJC_ROOT_CLASS = YES_ERROR;
				CLANG_WARN_SUSPICIOUS_MOVE = YES;
				CLANG_WARN_UNREACHABLE_CODE = YES;
				CLANG_WARN__DUPLICATE_METHOD_MATCH = YES;
				"CODE_SIGN_IDENTITY[sdk=iphoneos*]" = "iPhone Developer";
				COPY_PHASE_STRIP = NO;
				DEBUG_INFORMATION_FORMAT = dwarf;
				ENABLE_STRICT_OBJC_MSGSEND = YES;
				ENABLE_TESTABILITY = YES;
				GCC_C_LANGUAGE_STANDARD = gnu99;
				GCC_DYNAMIC_NO_PIC = NO;
				GCC_NO_COMMON_BLOCKS = YES;
				GCC_OPTIMIZATION_LEVEL = 0;
				GCC_PREPROCESSOR_DEFINITIONS = (
					"DEBUG=1",
					"$(inherited)",
				);
				GCC_WARN_64_TO_32_BIT_CONVERSION = YES;
				GCC_WARN_ABOUT_RETURN_TYPE = YES_ERROR;
				GCC_WARN_UNDECLARED_SELECTOR = YES;
				GCC_WARN_UNINITIALIZED_AUTOS = YES_AGGRESSIVE;
				GCC_WARN_UNUSED_FUNCTION = YES;
				GCC_WARN_UNUSED_VARIABLE = YES;
				IPHONEOS_DEPLOYMENT_TARGET = 10.2;
				MTL_ENABLE_DEBUG_INFO = YES;
				ONLY_ACTIVE_ARCH = YES;
				SDKROOT = iphoneos;
				SWIFT_ACTIVE_COMPILATION_CONDITIONS = DEBUG;
				SWIFT_OPTIMIZATION_LEVEL = "-Onone";
			};
			name = Debug;
		};
		4A2BE3CD1E8981DA003FE64B /* Release */ = {
			isa = XCBuildConfiguration;
			buildSettings = {
				ALWAYS_SEARCH_USER_PATHS = NO;
				CLANG_ANALYZER_NONNULL = YES;
				CLANG_CXX_LANGUAGE_STANDARD = "gnu++0x";
				CLANG_CXX_LIBRARY = "libc++";
				CLANG_ENABLE_MODULES = YES;
				CLANG_ENABLE_OBJC_ARC = YES;
				CLANG_WARN_BOOL_CONVERSION = YES;
				CLANG_WARN_CONSTANT_CONVERSION = YES;
				CLANG_WARN_DIRECT_OBJC_ISA_USAGE = YES_ERROR;
				CLANG_WARN_DOCUMENTATION_COMMENTS = YES;
				CLANG_WARN_EMPTY_BODY = YES;
				CLANG_WARN_ENUM_CONVERSION = YES;
				CLANG_WARN_INFINITE_RECURSION = YES;
				CLANG_WARN_INT_CONVERSION = YES;
				CLANG_WARN_OBJC_ROOT_CLASS = YES_ERROR;
				CLANG_WARN_SUSPICIOUS_MOVE = YES;
				CLANG_WARN_UNREACHABLE_CODE = YES;
				CLANG_WARN__DUPLICATE_METHOD_MATCH = YES;
				"CODE_SIGN_IDENTITY[sdk=iphoneos*]" = "iPhone Developer";
				COPY_PHASE_STRIP = NO;
				DEBUG_INFORMATION_FORMAT = "dwarf-with-dsym";
				ENABLE_NS_ASSERTIONS = NO;
				ENABLE_STRICT_OBJC_MSGSEND = YES;
				GCC_C_LANGUAGE_STANDARD = gnu99;
				GCC_NO_COMMON_BLOCKS = YES;
				GCC_WARN_64_TO_32_BIT_CONVERSION = YES;
				GCC_WARN_ABOUT_RETURN_TYPE = YES_ERROR;
				GCC_WARN_UNDECLARED_SELECTOR = YES;
				GCC_WARN_UNINITIALIZED_AUTOS = YES_AGGRESSIVE;
				GCC_WARN_UNUSED_FUNCTION = YES;
				GCC_WARN_UNUSED_VARIABLE = YES;
				IPHONEOS_DEPLOYMENT_TARGET = 10.2;
				MTL_ENABLE_DEBUG_INFO = NO;
				SDKROOT = iphoneos;
				SWIFT_OPTIMIZATION_LEVEL = "-Owholemodule";
				VALIDATE_PRODUCT = YES;
			};
			name = Release;
		};
		4A2BE3CF1E8981DA003FE64B /* Debug */ = {
			isa = XCBuildConfiguration;
			buildSettings = {
				ASSETCATALOG_COMPILER_APPICON_NAME = AppIcon;
				CLANG_ENABLE_MODULES = YES;
				DEVELOPMENT_TEAM = QSW6ZC2GTH;
				INFOPLIST_FILE = PortalMisterio/Info.plist;
				LD_RUNPATH_SEARCH_PATHS = "$(inherited) @executable_path/Frameworks";
				PRODUCT_BUNDLE_IDENTIFIER = AldoPersonal.PortalMisterio;
				PRODUCT_NAME = "$(TARGET_NAME)";
				SWIFT_OBJC_BRIDGING_HEADER = "PortalMisterio/PortalMisterio-Bridging-Header.h";
				SWIFT_OPTIMIZATION_LEVEL = "-Onone";
				SWIFT_VERSION = 3.0;
			};
			name = Debug;
		};
		4A2BE3D01E8981DA003FE64B /* Release */ = {
			isa = XCBuildConfiguration;
			buildSettings = {
				ASSETCATALOG_COMPILER_APPICON_NAME = AppIcon;
				CLANG_ENABLE_MODULES = YES;
				DEVELOPMENT_TEAM = QSW6ZC2GTH;
				INFOPLIST_FILE = PortalMisterio/Info.plist;
				LD_RUNPATH_SEARCH_PATHS = "$(inherited) @executable_path/Frameworks";
				PRODUCT_BUNDLE_IDENTIFIER = AldoPersonal.PortalMisterio;
				PRODUCT_NAME = "$(TARGET_NAME)";
				SWIFT_OBJC_BRIDGING_HEADER = "PortalMisterio/PortalMisterio-Bridging-Header.h";
				SWIFT_VERSION = 3.0;
			};
			name = Release;
		};
/* End XCBuildConfiguration section */

/* Begin XCConfigurationList section */
		4A2BE3B41E8981DA003FE64B /* Build configuration list for PBXProject "PortalMisterio" */ = {
			isa = XCConfigurationList;
			buildConfigurations = (
				4A2BE3CC1E8981DA003FE64B /* Debug */,
				4A2BE3CD1E8981DA003FE64B /* Release */,
			);
			defaultConfigurationIsVisible = 0;
			defaultConfigurationName = Release;
		};
		4A2BE3CE1E8981DA003FE64B /* Build configuration list for PBXNativeTarget "PortalMisterio" */ = {
			isa = XCConfigurationList;
			buildConfigurations = (
				4A2BE3CF1E8981DA003FE64B /* Debug */,
				4A2BE3D01E8981DA003FE64B /* Release */,
			);
			defaultConfigurationIsVisible = 0;
			defaultConfigurationName = Release;
		};
/* End XCConfigurationList section */

/* Begin XCVersionGroup section */
		4A2BE3C31E8981DA003FE64B /* PortalMisterio.xcdatamodeld */ = {
			isa = XCVersionGroup;
			children = (
				4A2BE3C41E8981DA003FE64B /* PortalMisterio.xcdatamodel */,
			);
			currentVersion = 4A2BE3C41E8981DA003FE64B /* PortalMisterio.xcdatamodel */;
			path = PortalMisterio.xcdatamodeld;
			sourceTree = "<group>";
			versionGroupType = wrapper.xcdatamodel;
		};
/* End XCVersionGroup section */
	};
	rootObject = 4A2BE3B11E8981DA003FE64B /* Project object */;
}
