// !$*UTF8*$!
{
	archiveVersion = 1;
	classes = {
	};
	objectVersion = 46;
	objects = {

/* Begin PBXBuildFile section */
		4A8CDB231DC05748002FAA1A /* AppDelegate.swift in Sources */ = {isa = PBXBuildFile; fileRef = 4A8CDB221DC05748002FAA1A /* AppDelegate.swift */; };
		4A8CDB261DC05748002FAA1A /* CoreData_MasterApp.xcdatamodeld in Sources */ = {isa = PBXBuildFile; fileRef = 4A8CDB241DC05748002FAA1A /* CoreData_MasterApp.xcdatamodeld */; };
		4A8CDB281DC05748002FAA1A /* MasterViewController.swift in Sources */ = {isa = PBXBuildFile; fileRef = 4A8CDB271DC05748002FAA1A /* MasterViewController.swift */; };
		4A8CDB2A1DC05748002FAA1A /* DetailViewController.swift in Sources */ = {isa = PBXBuildFile; fileRef = 4A8CDB291DC05748002FAA1A /* DetailViewController.swift */; };
		4A8CDB2D1DC05748002FAA1A /* Main.storyboard in Resources */ = {isa = PBXBuildFile; fileRef = 4A8CDB2B1DC05748002FAA1A /* Main.storyboard */; };
		4A8CDB2F1DC05748002FAA1A /* Assets.xcassets in Resources */ = {isa = PBXBuildFile; fileRef = 4A8CDB2E1DC05748002FAA1A /* Assets.xcassets */; };
		4A8CDB321DC05748002FAA1A /* LaunchScreen.storyboard in Resources */ = {isa = PBXBuildFile; fileRef = 4A8CDB301DC05748002FAA1A /* LaunchScreen.storyboard */; };
/* End PBXBuildFile section */

/* Begin PBXFileReference section */
		4A8CDB1F1DC05748002FAA1A /* CoreData_MasterApp.app */ = {isa = PBXFileReference; explicitFileType = wrapper.application; includeInIndex = 0; path = CoreData_MasterApp.app; sourceTree = BUILT_PRODUCTS_DIR; };
		4A8CDB221DC05748002FAA1A /* AppDelegate.swift */ = {isa = PBXFileReference; lastKnownFileType = sourcecode.swift; path = AppDelegate.swift; sourceTree = "<group>"; };
		4A8CDB251DC05748002FAA1A /* CoreData_MasterApp.xcdatamodel */ = {isa = PBXFileReference; lastKnownFileType = wrapper.xcdatamodel; path = CoreData_MasterApp.xcdatamodel; sourceTree = "<group>"; };
		4A8CDB271DC05748002FAA1A /* MasterViewController.swift */ = {isa = PBXFileReference; lastKnownFileType = sourcecode.swift; path = MasterViewController.swift; sourceTree = "<group>"; };
		4A8CDB291DC05748002FAA1A /* DetailViewController.swift */ = {isa = PBXFileReference; lastKnownFileType = sourcecode.swift; path = DetailViewController.swift; sourceTree = "<group>"; };
		4A8CDB2C1DC05748002FAA1A /* Base */ = {isa = PBXFileReference; lastKnownFileType = file.storyboard; name = Base; path = Base.lproj/Main.storyboard; sourceTree = "<group>"; };
		4A8CDB2E1DC05748002FAA1A /* Assets.xcassets */ = {isa = PBXFileReference; lastKnownFileType = folder.assetcatalog; path = Assets.xcassets; sourceTree = "<group>"; };
		4A8CDB311DC05748002FAA1A /* Base */ = {isa = PBXFileReference; lastKnownFileType = file.storyboard; name = Base; path = Base.lproj/LaunchScreen.storyboard; sourceTree = "<group>"; };
		4A8CDB331DC05748002FAA1A /* Info.plist */ = {isa = PBXFileReference; lastKnownFileType = text.plist.xml; path = Info.plist; sourceTree = "<group>"; };
/* End PBXFileReference section */

/* Begin PBXFrameworksBuildPhase section */
		4A8CDB1C1DC05748002FAA1A /* Frameworks */ = {
			isa = PBXFrameworksBuildPhase;
			buildActionMask = 2147483647;
			files = (
			);
			runOnlyForDeploymentPostprocessing = 0;
		};
/* End PBXFrameworksBuildPhase section */

/* Begin PBXGroup section */
		4A8CDB161DC05748002FAA1A = {
			isa = PBXGroup;
			children = (
				4A8CDB211DC05748002FAA1A /* CoreData_MasterApp */,
				4A8CDB201DC05748002FAA1A /* Products */,
			);
			sourceTree = "<group>";
		};
		4A8CDB201DC05748002FAA1A /* Products */ = {
			isa = PBXGroup;
			children = (
				4A8CDB1F1DC05748002FAA1A /* CoreData_MasterApp.app */,
			);
			name = Products;
			sourceTree = "<group>";
		};
		4A8CDB211DC05748002FAA1A /* CoreData_MasterApp */ = {
			isa = PBXGroup;
			children = (
				4A8CDB221DC05748002FAA1A /* AppDelegate.swift */,
				4A8CDB271DC05748002FAA1A /* MasterViewController.swift */,
				4A8CDB291DC05748002FAA1A /* DetailViewController.swift */,
				4A8CDB2B1DC05748002FAA1A /* Main.storyboard */,
				4A8CDB2E1DC05748002FAA1A /* Assets.xcassets */,
				4A8CDB301DC05748002FAA1A /* LaunchScreen.storyboard */,
				4A8CDB331DC05748002FAA1A /* Info.plist */,
				4A8CDB241DC05748002FAA1A /* CoreData_MasterApp.xcdatamodeld */,
			);
			path = CoreData_MasterApp;
			sourceTree = "<group>";
		};
/* End PBXGroup section */

/* Begin PBXNativeTarget section */
		4A8CDB1E1DC05748002FAA1A /* CoreData_MasterApp */ = {
			isa = PBXNativeTarget;
			buildConfigurationList = 4A8CDB361DC05748002FAA1A /* Build configuration list for PBXNativeTarget "CoreData_MasterApp" */;
			buildPhases = (
				4A8CDB1B1DC05748002FAA1A /* Sources */,
				4A8CDB1C1DC05748002FAA1A /* Frameworks */,
				4A8CDB1D1DC05748002FAA1A /* Resources */,
			);
			buildRules = (
			);
			dependencies = (
			);
			name = CoreData_MasterApp;
			productName = CoreData_MasterApp;
			productReference = 4A8CDB1F1DC05748002FAA1A /* CoreData_MasterApp.app */;
			productType = "com.apple.product-type.application";
		};
/* End PBXNativeTarget section */

/* Begin PBXProject section */
		4A8CDB171DC05748002FAA1A /* Project object */ = {
			isa = PBXProject;
			attributes = {
				LastSwiftUpdateCheck = 0800;
				LastUpgradeCheck = 0800;
				ORGANIZATIONNAME = "Aldo Contreras";
				TargetAttributes = {
					4A8CDB1E1DC05748002FAA1A = {
						CreatedOnToolsVersion = 8.0;
						DevelopmentTeam = QSW6ZC2GTH;
						ProvisioningStyle = Automatic;
					};
				};
			};
			buildConfigurationList = 4A8CDB1A1DC05748002FAA1A /* Build configuration list for PBXProject "CoreData_MasterApp" */;
			compatibilityVersion = "Xcode 3.2";
			developmentRegion = English;
			hasScannedForEncodings = 0;
			knownRegions = (
				en,
				Base,
			);
			mainGroup = 4A8CDB161DC05748002FAA1A;
			productRefGroup = 4A8CDB201DC05748002FAA1A /* Products */;
			projectDirPath = "";
			projectRoot = "";
			targets = (
				4A8CDB1E1DC05748002FAA1A /* CoreData_MasterApp */,
			);
		};
/* End PBXProject section */

/* Begin PBXResourcesBuildPhase section */
		4A8CDB1D1DC05748002FAA1A /* Resources */ = {
			isa = PBXResourcesBuildPhase;
			buildActionMask = 2147483647;
			files = (
				4A8CDB321DC05748002FAA1A /* LaunchScreen.storyboard in Resources */,
				4A8CDB2F1DC05748002FAA1A /* Assets.xcassets in Resources */,
				4A8CDB2D1DC05748002FAA1A /* Main.storyboard in Resources */,
			);
			runOnlyForDeploymentPostprocessing = 0;
		};
/* End PBXResourcesBuildPhase section */

/* Begin PBXSourcesBuildPhase section */
		4A8CDB1B1DC05748002FAA1A /* Sources */ = {
			isa = PBXSourcesBuildPhase;
			buildActionMask = 2147483647;
			files = (
				4A8CDB261DC05748002FAA1A /* CoreData_MasterApp.xcdatamodeld in Sources */,
				4A8CDB231DC05748002FAA1A /* AppDelegate.swift in Sources */,
				4A8CDB281DC05748002FAA1A /* MasterViewController.swift in Sources */,
				4A8CDB2A1DC05748002FAA1A /* DetailViewController.swift in Sources */,
			);
			runOnlyForDeploymentPostprocessing = 0;
		};
/* End PBXSourcesBuildPhase section */

/* Begin PBXVariantGroup section */
		4A8CDB2B1DC05748002FAA1A /* Main.storyboard */ = {
			isa = PBXVariantGroup;
			children = (
				4A8CDB2C1DC05748002FAA1A /* Base */,
			);
			name = Main.storyboard;
			sourceTree = "<group>";
		};
		4A8CDB301DC05748002FAA1A /* LaunchScreen.storyboard */ = {
			isa = PBXVariantGroup;
			children = (
				4A8CDB311DC05748002FAA1A /* Base */,
			);
			name = LaunchScreen.storyboard;
			sourceTree = "<group>";
		};
/* End PBXVariantGroup section */

/* Begin XCBuildConfiguration section */
		4A8CDB341DC05748002FAA1A /* Debug */ = {
			isa = XCBuildConfiguration;
			buildSettings = {
				ALWAYS_SEARCH_USER_PATHS = NO;
				CLANG_ANALYZER_NONNULL = YES;
				CLANG_CXX_LANGUAGE_STANDARD = "gnu++0x";
				CLANG_CXX_LIBRARY = "libc++";
				CLANG_ENABLE_MODULES = YES;
				CLANG_ENABLE_OBJC_ARC = YES;
				CLANG_WARN_BOOL_CONVERSION = YES;
				CLANG_WARN_CONSTANT_CONVERSION = YES;
				CLANG_WARN_DIRECT_OBJC_ISA_USAGE = YES_ERROR;
				CLANG_WARN_DOCUMENTATION_COMMENTS = YES;
				CLANG_WARN_EMPTY_BODY = YES;
				CLANG_WARN_ENUM_CONVERSION = YES;
				CLANG_WARN_INFINITE_RECURSION = YES;
				CLANG_WARN_INT_CONVERSION = YES;
				CLANG_WARN_OBJC_ROOT_CLASS = YES_ERROR;
				CLANG_WARN_SUSPICIOUS_MOVES = YES;
				CLANG_WARN_UNREACHABLE_CODE = YES;
				CLANG_WARN__DUPLICATE_METHOD_MATCH = YES;
				"CODE_SIGN_IDENTITY[sdk=iphoneos*]" = "iPhone Developer";
				COPY_PHASE_STRIP = NO;
				DEBUG_INFORMATION_FORMAT = dwarf;
				ENABLE_STRICT_OBJC_MSGSEND = YES;
				ENABLE_TESTABILITY = YES;
				GCC_C_LANGUAGE_STANDARD = gnu99;
				GCC_DYNAMIC_NO_PIC = NO;
				GCC_NO_COMMON_BLOCKS = YES;
				GCC_OPTIMIZATION_LEVEL = 0;
				GCC_PREPROCESSOR_DEFINITIONS = (
					"DEBUG=1",
					"$(inherited)",
				);
				GCC_WARN_64_TO_32_BIT_CONVERSION = YES;
				GCC_WARN_ABOUT_RETURN_TYPE = YES_ERROR;
				GCC_WARN_UNDECLARED_SELECTOR = YES;
				GCC_WARN_UNINITIALIZED_AUTOS = YES_AGGRESSIVE;
				GCC_WARN_UNUSED_FUNCTION = YES;
				GCC_WARN_UNUSED_VARIABLE = YES;
				IPHONEOS_DEPLOYMENT_TARGET = 10.0;
				MTL_ENABLE_DEBUG_INFO = YES;
				ONLY_ACTIVE_ARCH = YES;
				SDKROOT = iphoneos;
				SWIFT_ACTIVE_COMPILATION_CONDITIONS = DEBUG;
				SWIFT_OPTIMIZATION_LEVEL = "-Onone";
			};
			name = Debug;
		};
		4A8CDB351DC05748002FAA1A /* Release */ = {
			isa = XCBuildConfiguration;
			buildSettings = {
				ALWAYS_SEARCH_USER_PATHS = NO;
				CLANG_ANALYZER_NONNULL = YES;
				CLANG_CXX_LANGUAGE_STANDARD = "gnu++0x";
				CLANG_CXX_LIBRARY = "libc++";
				CLANG_ENABLE_MODULES = YES;
				CLANG_ENABLE_OBJC_ARC = YES;
				CLANG_WARN_BOOL_CONVERSION = YES;
				CLANG_WARN_CONSTANT_CONVERSION = YES;
				CLANG_WARN_DIRECT_OBJC_ISA_USAGE = YES_ERROR;
				CLANG_WARN_DOCUMENTATION_COMMENTS = YES;
				CLANG_WARN_EMPTY_BODY = YES;
				CLANG_WARN_ENUM_CONVERSION = YES;
				CLANG_WARN_INFINITE_RECURSION = YES;
				CLANG_WARN_INT_CONVERSION = YES;
				CLANG_WARN_OBJC_ROOT_CLASS = YES_ERROR;
				CLANG_WARN_SUSPICIOUS_MOVES = YES;
				CLANG_WARN_UNREACHABLE_CODE = YES;
				CLANG_WARN__DUPLICATE_METHOD_MATCH = YES;
				"CODE_SIGN_IDENTITY[sdk=iphoneos*]" = "iPhone Developer";
				COPY_PHASE_STRIP = NO;
				DEBUG_INFORMATION_FORMAT = "dwarf-with-dsym";
				ENABLE_NS_ASSERTIONS = NO;
				ENABLE_STRICT_OBJC_MSGSEND = YES;
				GCC_C_LANGUAGE_STANDARD = gnu99;
				GCC_NO_COMMON_BLOCKS = YES;
				GCC_WARN_64_TO_32_BIT_CONVERSION = YES;
				GCC_WARN_ABOUT_RETURN_TYPE = YES_ERROR;
				GCC_WARN_UNDECLARED_SELECTOR = YES;
				GCC_WARN_UNINITIALIZED_AUTOS = YES_AGGRESSIVE;
				GCC_WARN_UNUSED_FUNCTION = YES;
				GCC_WARN_UNUSED_VARIABLE = YES;
				IPHONEOS_DEPLOYMENT_TARGET = 10.0;
				MTL_ENABLE_DEBUG_INFO = NO;
				SDKROOT = iphoneos;
				SWIFT_OPTIMIZATION_LEVEL = "-Owholemodule";
				VALIDATE_PRODUCT = YES;
			};
			name = Release;
		};
		4A8CDB371DC05748002FAA1A /* Debug */ = {
			isa = XCBuildConfiguration;
			buildSettings = {
				ASSETCATALOG_COMPILER_APPICON_NAME = AppIcon;
				DEVELOPMENT_TEAM = QSW6ZC2GTH;
				INFOPLIST_FILE = CoreData_MasterApp/Info.plist;
				LD_RUNPATH_SEARCH_PATHS = "$(inherited) @executable_path/Frameworks";
				PRODUCT_BUNDLE_IDENTIFIER = "Personal.CoreData-MasterApp";
				PRODUCT_NAME = "$(TARGET_NAME)";
				SWIFT_VERSION = 3.0;
			};
			name = Debug;
		};
		4A8CDB381DC05748002FAA1A /* Release */ = {
			isa = XCBuildConfiguration;
			buildSettings = {
				ASSETCATALOG_COMPILER_APPICON_NAME = AppIcon;
				DEVELOPMENT_TEAM = QSW6ZC2GTH;
				INFOPLIST_FILE = CoreData_MasterApp/Info.plist;
				LD_RUNPATH_SEARCH_PATHS = "$(inherited) @executable_path/Frameworks";
				PRODUCT_BUNDLE_IDENTIFIER = "Personal.CoreData-MasterApp";
				PRODUCT_NAME = "$(TARGET_NAME)";
				SWIFT_VERSION = 3.0;
			};
			name = Release;
		};
/* End XCBuildConfiguration section */

/* Begin XCConfigurationList section */
		4A8CDB1A1DC05748002FAA1A /* Build configuration list for PBXProject "CoreData_MasterApp" */ = {
			isa = XCConfigurationList;
			buildConfigurations = (
				4A8CDB341DC05748002FAA1A /* Debug */,
				4A8CDB351DC05748002FAA1A /* Release */,
			);
			defaultConfigurationIsVisible = 0;
			defaultConfigurationName = Release;
		};
		4A8CDB361DC05748002FAA1A /* Build configuration list for PBXNativeTarget "CoreData_MasterApp" */ = {
			isa = XCConfigurationList;
			buildConfigurations = (
				4A8CDB371DC05748002FAA1A /* Debug */,
				4A8CDB381DC05748002FAA1A /* Release */,
			);
			defaultConfigurationIsVisible = 0;
		};
/* End XCConfigurationList section */

/* Begin XCVersionGroup section */
		4A8CDB241DC05748002FAA1A /* CoreData_MasterApp.xcdatamodeld */ = {
			isa = XCVersionGroup;
			children = (
				4A8CDB251DC05748002FAA1A /* CoreData_MasterApp.xcdatamodel */,
			);
			currentVersion = 4A8CDB251DC05748002FAA1A /* CoreData_MasterApp.xcdatamodel */;
			path = CoreData_MasterApp.xcdatamodeld;
			sourceTree = "<group>";
			versionGroupType = wrapper.xcdatamodel;
		};
/* End XCVersionGroup section */
	};
	rootObject = 4A8CDB171DC05748002FAA1A /* Project object */;
}
